
Microsoft Visual Studio Solution File, Format Version 12.00
# Visual Studio 15
VisualStudioVersion = 15.0.26124.0
MinimumVisualStudioVersion = 15.0.26124.0
Project("{2150E333-8FDC-42A3-9474-1A3956D46DE8}") = "src", "src", "{C9126344-F000-4E10-976A-1D4FFFCC837D}"
EndProject
Project("{FAE04EC0-301F-11D3-BF4B-00C04F79EFBC}") = "Core", "src\Core\Core.csproj", "{77168FA2-A205-40C9-B8E5-6B97C88979C2}"
EndProject
Project("{FAE04EC0-301F-11D3-BF4B-00C04F79EFBC}") = "Web", "src\Web\Web.csproj", "{06163C96-6806-4947-B514-83225752ABBE}"
EndProject
Project("{FAE04EC0-301F-11D3-BF4B-00C04F79EFBC}") = "Infrastructure", "src\Infrastructure\Infrastructure.csproj", "{856EDEB0-E0A4-495B-9170-FD7213C79DFF}"
EndProject
Project("{FAE04EC0-301F-11D3-BF4B-00C04F79EFBC}") = "SharedKernel", "src\SharedKernel\SharedKernel.csproj", "{5FB24DAB-34C7-467D-948F-CFE0BF223A13}"
EndProject
Global
	GlobalSection(SolutionConfigurationPlatforms) = preSolution
		Debug|Any CPU = Debug|Any CPU
		Debug|x64 = Debug|x64
		Debug|x86 = Debug|x86
		Release|Any CPU = Release|Any CPU
		Release|x64 = Release|x64
		Release|x86 = Release|x86
	EndGlobalSection
	GlobalSection(SolutionProperties) = preSolution
		HideSolutionNode = FALSE
	EndGlobalSection
	GlobalSection(ProjectConfigurationPlatforms) = postSolution
		{77168FA2-A205-40C9-B8E5-6B97C88979C2}.Debug|Any CPU.ActiveCfg = Debug|Any CPU
		{77168FA2-A205-40C9-B8E5-6B97C88979C2}.Debug|Any CPU.Build.0 = Debug|Any CPU
		{77168FA2-A205-40C9-B8E5-6B97C88979C2}.Debug|x64.ActiveCfg = Debug|Any CPU
		{77168FA2-A205-40C9-B8E5-6B97C88979C2}.Debug|x64.Build.0 = Debug|Any CPU
		{77168FA2-A205-40C9-B8E5-6B97C88979C2}.Debug|x86.ActiveCfg = Debug|Any CPU
		{77168FA2-A205-40C9-B8E5-6B97C88979C2}.Debug|x86.Build.0 = Debug|Any CPU
		{77168FA2-A205-40C9-B8E5-6B97C88979C2}.Release|Any CPU.ActiveCfg = Release|Any CPU
		{77168FA2-A205-40C9-B8E5-6B97C88979C2}.Release|Any CPU.Build.0 = Release|Any CPU
		{77168FA2-A205-40C9-B8E5-6B97C88979C2}.Release|x64.ActiveCfg = Release|Any CPU
		{77168FA2-A205-40C9-B8E5-6B97C88979C2}.Release|x64.Build.0 = Release|Any CPU
		{77168FA2-A205-40C9-B8E5-6B97C88979C2}.Release|x86.ActiveCfg = Release|Any CPU
		{77168FA2-A205-40C9-B8E5-6B97C88979C2}.Release|x86.Build.0 = Release|Any CPU
		{06163C96-6806-4947-B514-83225752ABBE}.Debug|Any CPU.ActiveCfg = Debug|Any CPU
		{06163C96-6806-4947-B514-83225752ABBE}.Debug|Any CPU.Build.0 = Debug|Any CPU
		{06163C96-6806-4947-B514-83225752ABBE}.Debug|x64.ActiveCfg = Debug|Any CPU
		{06163C96-6806-4947-B514-83225752ABBE}.Debug|x64.Build.0 = Debug|Any CPU
		{06163C96-6806-4947-B514-83225752ABBE}.Debug|x86.ActiveCfg = Debug|Any CPU
		{06163C96-6806-4947-B514-83225752ABBE}.Debug|x86.Build.0 = Debug|Any CPU
		{06163C96-6806-4947-B514-83225752ABBE}.Release|Any CPU.ActiveCfg = Release|Any CPU
		{06163C96-6806-4947-B514-83225752ABBE}.Release|Any CPU.Build.0 = Release|Any CPU
		{06163C96-6806-4947-B514-83225752ABBE}.Release|x64.ActiveCfg = Release|Any CPU
		{06163C96-6806-4947-B514-83225752ABBE}.Release|x64.Build.0 = Release|Any CPU
		{06163C96-6806-4947-B514-83225752ABBE}.Release|x86.ActiveCfg = Release|Any CPU
		{06163C96-6806-4947-B514-83225752ABBE}.Release|x86.Build.0 = Release|Any CPU
		{856EDEB0-E0A4-495B-9170-FD7213C79DFF}.Debug|Any CPU.ActiveCfg = Debug|Any CPU
		{856EDEB0-E0A4-495B-9170-FD7213C79DFF}.Debug|Any CPU.Build.0 = Debug|Any CPU
		{856EDEB0-E0A4-495B-9170-FD7213C79DFF}.Debug|x64.ActiveCfg = Debug|Any CPU
		{856EDEB0-E0A4-495B-9170-FD7213C79DFF}.Debug|x64.Build.0 = Debug|Any CPU
		{856EDEB0-E0A4-495B-9170-FD7213C79DFF}.Debug|x86.ActiveCfg = Debug|Any CPU
		{856EDEB0-E0A4-495B-9170-FD7213C79DFF}.Debug|x86.Build.0 = Debug|Any CPU
		{856EDEB0-E0A4-495B-9170-FD7213C79DFF}.Release|Any CPU.ActiveCfg = Release|Any CPU
		{856EDEB0-E0A4-495B-9170-FD7213C79DFF}.Release|Any CPU.Build.0 = Release|Any CPU
		{856EDEB0-E0A4-495B-9170-FD7213C79DFF}.Release|x64.ActiveCfg = Release|Any CPU
		{856EDEB0-E0A4-495B-9170-FD7213C79DFF}.Release|x64.Build.0 = Release|Any CPU
		{856EDEB0-E0A4-495B-9170-FD7213C79DFF}.Release|x86.ActiveCfg = Release|Any CPU
		{856EDEB0-E0A4-495B-9170-FD7213C79DFF}.Release|x86.Build.0 = Release|Any CPU
		{5FB24DAB-34C7-467D-948F-CFE0BF223A13}.Debug|Any CPU.ActiveCfg = Debug|Any CPU
		{5FB24DAB-34C7-467D-948F-CFE0BF223A13}.Debug|Any CPU.Build.0 = Debug|Any CPU
		{5FB24DAB-34C7-467D-948F-CFE0BF223A13}.Debug|x64.ActiveCfg = Debug|Any CPU
		{5FB24DAB-34C7-467D-948F-CFE0BF223A13}.Debug|x64.Build.0 = Debug|Any CPU
		{5FB24DAB-34C7-467D-948F-CFE0BF223A13}.Debug|x86.ActiveCfg = Debug|Any CPU
		{5FB24DAB-34C7-467D-948F-CFE0BF223A13}.Debug|x86.Build.0 = Debug|Any CPU
		{5FB24DAB-34C7-467D-948F-CFE0BF223A13}.Release|Any CPU.ActiveCfg = Release|Any CPU
		{5FB24DAB-34C7-467D-948F-CFE0BF223A13}.Release|Any CPU.Build.0 = Release|Any CPU
		{5FB24DAB-34C7-467D-948F-CFE0BF223A13}.Release|x64.ActiveCfg = Release|Any CPU
		{5FB24DAB-34C7-467D-948F-CFE0BF223A13}.Release|x64.Build.0 = Release|Any CPU
		{5FB24DAB-34C7-467D-948F-CFE0BF223A13}.Release|x86.ActiveCfg = Release|Any CPU
		{5FB24DAB-34C7-467D-948F-CFE0BF223A13}.Release|x86.Build.0 = Release|Any CPU
	EndGlobalSection
	GlobalSection(NestedProjects) = preSolution
		{77168FA2-A205-40C9-B8E5-6B97C88979C2} = {C9126344-F000-4E10-976A-1D4FFFCC837D}
		{06163C96-6806-4947-B514-83225752ABBE} = {C9126344-F000-4E10-976A-1D4FFFCC837D}
		{856EDEB0-E0A4-495B-9170-FD7213C79DFF} = {C9126344-F000-4E10-976A-1D4FFFCC837D}
		{5FB24DAB-34C7-467D-948F-CFE0BF223A13} = {C9126344-F000-4E10-976A-1D4FFFCC837D}
	EndGlobalSection
EndGlobal
